// !$*UTF8*$!
{
	archiveVersion = 1;
	classes = {
	};
	objectVersion = 55;
	objects = {

/* Begin PBXBuildFile section */
		F350685928AC2EAB0009F4DD /* TitleView.swift in Sources */ = {isa = PBXBuildFile; fileRef = F350685828AC2EAA0009F4DD /* TitleView.swift */; };
		F350685B28AC35830009F4DD /* ProductModel.swift in Sources */ = {isa = PBXBuildFile; fileRef = F350685A28AC35830009F4DD /* ProductModel.swift */; };
		F350685D28AC36100009F4DD /* ProductItemView.swift in Sources */ = {isa = PBXBuildFile; fileRef = F350685C28AC36100009F4DD /* ProductItemView.swift */; };
		F350686128AC47220009F4DD /* BrandModel.swift in Sources */ = {isa = PBXBuildFile; fileRef = F350686028AC47220009F4DD /* BrandModel.swift */; };
		F350686328AC47D00009F4DD /* BrandItemView.swift in Sources */ = {isa = PBXBuildFile; fileRef = F350686228AC47D00009F4DD /* BrandItemView.swift */; };
		F350686528AC489E0009F4DD /* BrandGridView.swift in Sources */ = {isa = PBXBuildFile; fileRef = F350686428AC489E0009F4DD /* BrandGridView.swift */; };
		F350686728AC4FA70009F4DD /* ProductDetailView.swift in Sources */ = {isa = PBXBuildFile; fileRef = F350686628AC4FA70009F4DD /* ProductDetailView.swift */; };
		F350686928AC50DB0009F4DD /* NavigationBarDetailView.swift in Sources */ = {isa = PBXBuildFile; fileRef = F350686828AC50DB0009F4DD /* NavigationBarDetailView.swift */; };
		F350686B28AC520D0009F4DD /* HeaderDetailView.swift in Sources */ = {isa = PBXBuildFile; fileRef = F350686A28AC520D0009F4DD /* HeaderDetailView.swift */; };
		F350686D28AC53170009F4DD /* TopPartDetailView.swift in Sources */ = {isa = PBXBuildFile; fileRef = F350686C28AC53170009F4DD /* TopPartDetailView.swift */; };
		F3A1F7F128AAF168003CA36C /* StorageManager.swift in Sources */ = {isa = PBXBuildFile; fileRef = F3A1F7F028AAF167003CA36C /* StorageManager.swift */; };
		F3A1F7F328AAFB76003CA36C /* CategoryItemView.swift in Sources */ = {isa = PBXBuildFile; fileRef = F3A1F7F228AAFB76003CA36C /* CategoryItemView.swift */; };
		F3A1F7F528AAFE2A003CA36C /* CategoryGridView.swift in Sources */ = {isa = PBXBuildFile; fileRef = F3A1F7F428AAFE2A003CA36C /* CategoryGridView.swift */; };
		F3A1F7F728AB054B003CA36C /* SectionView.swift in Sources */ = {isa = PBXBuildFile; fileRef = F3A1F7F628AB054B003CA36C /* SectionView.swift */; };
		F3B0199F28A9B6B2002EBFDA /* GoogleService-Info.plist in Resources */ = {isa = PBXBuildFile; fileRef = F3B0199E28A9B6B2002EBFDA /* GoogleService-Info.plist */; };
		F3B019A228A9B75B002EBFDA /* FirebaseAnalytics in Frameworks */ = {isa = PBXBuildFile; productRef = F3B019A128A9B75B002EBFDA /* FirebaseAnalytics */; };
		F3B019A428A9B75B002EBFDA /* FirebaseAuth in Frameworks */ = {isa = PBXBuildFile; productRef = F3B019A328A9B75B002EBFDA /* FirebaseAuth */; };
		F3B019A628A9B75B002EBFDA /* FirebaseDatabase in Frameworks */ = {isa = PBXBuildFile; productRef = F3B019A528A9B75B002EBFDA /* FirebaseDatabase */; };
		F3B019A828A9B75B002EBFDA /* FirebaseFirestore in Frameworks */ = {isa = PBXBuildFile; productRef = F3B019A728A9B75B002EBFDA /* FirebaseFirestore */; };
		F3B019AA28A9B75B002EBFDA /* FirebaseStorage in Frameworks */ = {isa = PBXBuildFile; productRef = F3B019A928A9B75B002EBFDA /* FirebaseStorage */; };
		F3B019B528A9BD27002EBFDA /* FooterView.swift in Sources */ = {isa = PBXBuildFile; fileRef = F3B019B428A9BD27002EBFDA /* FooterView.swift */; };
		F3B019B728A9BD48002EBFDA /* Constant.swift in Sources */ = {isa = PBXBuildFile; fileRef = F3B019B628A9BD48002EBFDA /* Constant.swift */; };
		F3B019BA28A9BD94002EBFDA /* NavigationBarView.swift in Sources */ = {isa = PBXBuildFile; fileRef = F3B019B928A9BD94002EBFDA /* NavigationBarView.swift */; };
		F3B019BC28A9BDB4002EBFDA /* LogoView.swift in Sources */ = {isa = PBXBuildFile; fileRef = F3B019BB28A9BDB4002EBFDA /* LogoView.swift */; };
		F3B019BE28A9BDD6002EBFDA /* FeaturedTabView.swift in Sources */ = {isa = PBXBuildFile; fileRef = F3B019BD28A9BDD6002EBFDA /* FeaturedTabView.swift */; };
		F3B019C028A9BE18002EBFDA /* FeaturedItemView.swift in Sources */ = {isa = PBXBuildFile; fileRef = F3B019BF28A9BE18002EBFDA /* FeaturedItemView.swift */; };
		F3B019C828A9BEBF002EBFDA /* featured.json in Resources */ = {isa = PBXBuildFile; fileRef = F3B019C428A9BEBE002EBFDA /* featured.json */; };
		F3B019C928A9BEBF002EBFDA /* category.json in Resources */ = {isa = PBXBuildFile; fileRef = F3B019C528A9BEBF002EBFDA /* category.json */; };
		F3B019CA28A9BEBF002EBFDA /* brand.json in Resources */ = {isa = PBXBuildFile; fileRef = F3B019C628A9BEBF002EBFDA /* brand.json */; };
		F3B019CB28A9BEBF002EBFDA /* product.json in Resources */ = {isa = PBXBuildFile; fileRef = F3B019C728A9BEBF002EBFDA /* product.json */; };
		F3B019CD28A9BFAF002EBFDA /* FeaturedProductModel.swift in Sources */ = {isa = PBXBuildFile; fileRef = F3B019CC28A9BFAF002EBFDA /* FeaturedProductModel.swift */; };
		F3B019CF28A9BFCB002EBFDA /* CategoryModel.swift in Sources */ = {isa = PBXBuildFile; fileRef = F3B019CE28A9BFCB002EBFDA /* CategoryModel.swift */; };
		F3B019D128A9C02E002EBFDA /* CodableBundleExtension.swift in Sources */ = {isa = PBXBuildFile; fileRef = F3B019D028A9C02E002EBFDA /* CodableBundleExtension.swift */; };
		F3B019D328A9C05A002EBFDA /* CategoryListView.swift in Sources */ = {isa = PBXBuildFile; fileRef = F3B019D228A9C05A002EBFDA /* CategoryListView.swift */; };
		F3D2D6D928A9A81600B7D71F /* HoopShopApp.swift in Sources */ = {isa = PBXBuildFile; fileRef = F3D2D6D828A9A81600B7D71F /* HoopShopApp.swift */; };
		F3D2D6DB28A9A81600B7D71F /* ContentView.swift in Sources */ = {isa = PBXBuildFile; fileRef = F3D2D6DA28A9A81600B7D71F /* ContentView.swift */; };
		F3D2D6DD28A9A81800B7D71F /* Assets.xcassets in Resources */ = {isa = PBXBuildFile; fileRef = F3D2D6DC28A9A81800B7D71F /* Assets.xcassets */; };
		F3D2D6E028A9A81800B7D71F /* Preview Assets.xcassets in Resources */ = {isa = PBXBuildFile; fileRef = F3D2D6DF28A9A81800B7D71F /* Preview Assets.xcassets */; };
		F3F9B5A528AD5554008BBA82 /* CustomShape.swift in Sources */ = {isa = PBXBuildFile; fileRef = F3F9B5A428AD5554008BBA82 /* CustomShape.swift */; };
		F3F9B5A728AD56B3008BBA82 /* RatingsSizesDetailView.swift in Sources */ = {isa = PBXBuildFile; fileRef = F3F9B5A628AD56B3008BBA82 /* RatingsSizesDetailView.swift */; };
		F3F9B5A928AD5A2B008BBA82 /* QuantityFavouriteDetailView.swift in Sources */ = {isa = PBXBuildFile; fileRef = F3F9B5A828AD5A2B008BBA82 /* QuantityFavouriteDetailView.swift */; };
		F3F9B5AB28AD5E42008BBA82 /* AddToCartDetailView.swift in Sources */ = {isa = PBXBuildFile; fileRef = F3F9B5AA28AD5E42008BBA82 /* AddToCartDetailView.swift */; };
		F3F9B5AD28AD6008008BBA82 /* Shop.swift in Sources */ = {isa = PBXBuildFile; fileRef = F3F9B5AC28AD6008008BBA82 /* Shop.swift */; };
/* End PBXBuildFile section */

/* Begin PBXFileReference section */
		F350685828AC2EAA0009F4DD /* TitleView.swift */ = {isa = PBXFileReference; lastKnownFileType = sourcecode.swift; path = TitleView.swift; sourceTree = "<group>"; };
		F350685A28AC35830009F4DD /* ProductModel.swift */ = {isa = PBXFileReference; lastKnownFileType = sourcecode.swift; path = ProductModel.swift; sourceTree = "<group>"; };
		F350685C28AC36100009F4DD /* ProductItemView.swift */ = {isa = PBXFileReference; lastKnownFileType = sourcecode.swift; path = ProductItemView.swift; sourceTree = "<group>"; };
		F350686028AC47220009F4DD /* BrandModel.swift */ = {isa = PBXFileReference; lastKnownFileType = sourcecode.swift; path = BrandModel.swift; sourceTree = "<group>"; };
		F350686228AC47D00009F4DD /* BrandItemView.swift */ = {isa = PBXFileReference; lastKnownFileType = sourcecode.swift; path = BrandItemView.swift; sourceTree = "<group>"; };
		F350686428AC489E0009F4DD /* BrandGridView.swift */ = {isa = PBXFileReference; lastKnownFileType = sourcecode.swift; path = BrandGridView.swift; sourceTree = "<group>"; };
		F350686628AC4FA70009F4DD /* ProductDetailView.swift */ = {isa = PBXFileReference; lastKnownFileType = sourcecode.swift; path = ProductDetailView.swift; sourceTree = "<group>"; };
		F350686828AC50DB0009F4DD /* NavigationBarDetailView.swift */ = {isa = PBXFileReference; lastKnownFileType = sourcecode.swift; path = NavigationBarDetailView.swift; sourceTree = "<group>"; };
		F350686A28AC520D0009F4DD /* HeaderDetailView.swift */ = {isa = PBXFileReference; lastKnownFileType = sourcecode.swift; path = HeaderDetailView.swift; sourceTree = "<group>"; };
		F350686C28AC53170009F4DD /* TopPartDetailView.swift */ = {isa = PBXFileReference; lastKnownFileType = sourcecode.swift; path = TopPartDetailView.swift; sourceTree = "<group>"; };
		F3A1F7F028AAF167003CA36C /* StorageManager.swift */ = {isa = PBXFileReference; lastKnownFileType = sourcecode.swift; path = StorageManager.swift; sourceTree = "<group>"; };
		F3A1F7F228AAFB76003CA36C /* CategoryItemView.swift */ = {isa = PBXFileReference; lastKnownFileType = sourcecode.swift; path = CategoryItemView.swift; sourceTree = "<group>"; };
		F3A1F7F428AAFE2A003CA36C /* CategoryGridView.swift */ = {isa = PBXFileReference; lastKnownFileType = sourcecode.swift; path = CategoryGridView.swift; sourceTree = "<group>"; };
		F3A1F7F628AB054B003CA36C /* SectionView.swift */ = {isa = PBXFileReference; lastKnownFileType = sourcecode.swift; path = SectionView.swift; sourceTree = "<group>"; };
		F3B0199E28A9B6B2002EBFDA /* GoogleService-Info.plist */ = {isa = PBXFileReference; fileEncoding = 4; lastKnownFileType = text.plist.xml; path = "GoogleService-Info.plist"; sourceTree = "<group>"; };
		F3B019AB28A9BB93002EBFDA /* Info.plist */ = {isa = PBXFileReference; lastKnownFileType = text.plist; path = Info.plist; sourceTree = "<group>"; };
		F3B019B428A9BD27002EBFDA /* FooterView.swift */ = {isa = PBXFileReference; lastKnownFileType = sourcecode.swift; path = FooterView.swift; sourceTree = "<group>"; };
		F3B019B628A9BD48002EBFDA /* Constant.swift */ = {isa = PBXFileReference; lastKnownFileType = sourcecode.swift; path = Constant.swift; sourceTree = "<group>"; };
		F3B019B928A9BD94002EBFDA /* NavigationBarView.swift */ = {isa = PBXFileReference; lastKnownFileType = sourcecode.swift; path = NavigationBarView.swift; sourceTree = "<group>"; };
		F3B019BB28A9BDB4002EBFDA /* LogoView.swift */ = {isa = PBXFileReference; lastKnownFileType = sourcecode.swift; path = LogoView.swift; sourceTree = "<group>"; };
		F3B019BD28A9BDD6002EBFDA /* FeaturedTabView.swift */ = {isa = PBXFileReference; lastKnownFileType = sourcecode.swift; path = FeaturedTabView.swift; sourceTree = "<group>"; };
		F3B019BF28A9BE18002EBFDA /* FeaturedItemView.swift */ = {isa = PBXFileReference; lastKnownFileType = sourcecode.swift; path = FeaturedItemView.swift; sourceTree = "<group>"; };
		F3B019C428A9BEBE002EBFDA /* featured.json */ = {isa = PBXFileReference; fileEncoding = 4; lastKnownFileType = text.json; path = featured.json; sourceTree = "<group>"; };
		F3B019C528A9BEBF002EBFDA /* category.json */ = {isa = PBXFileReference; fileEncoding = 4; lastKnownFileType = text.json; path = category.json; sourceTree = "<group>"; };
		F3B019C628A9BEBF002EBFDA /* brand.json */ = {isa = PBXFileReference; fileEncoding = 4; lastKnownFileType = text.json; path = brand.json; sourceTree = "<group>"; };
		F3B019C728A9BEBF002EBFDA /* product.json */ = {isa = PBXFileReference; fileEncoding = 4; lastKnownFileType = text.json; path = product.json; sourceTree = "<group>"; };
		F3B019CC28A9BFAF002EBFDA /* FeaturedProductModel.swift */ = {isa = PBXFileReference; lastKnownFileType = sourcecode.swift; path = FeaturedProductModel.swift; sourceTree = "<group>"; };
		F3B019CE28A9BFCB002EBFDA /* CategoryModel.swift */ = {isa = PBXFileReference; lastKnownFileType = sourcecode.swift; path = CategoryModel.swift; sourceTree = "<group>"; };
		F3B019D028A9C02E002EBFDA /* CodableBundleExtension.swift */ = {isa = PBXFileReference; lastKnownFileType = sourcecode.swift; path = CodableBundleExtension.swift; sourceTree = "<group>"; };
		F3B019D228A9C05A002EBFDA /* CategoryListView.swift */ = {isa = PBXFileReference; lastKnownFileType = sourcecode.swift; path = CategoryListView.swift; sourceTree = "<group>"; };
		F3D2D6D528A9A81600B7D71F /* HoopShop.app */ = {isa = PBXFileReference; explicitFileType = wrapper.application; includeInIndex = 0; path = HoopShop.app; sourceTree = BUILT_PRODUCTS_DIR; };
		F3D2D6D828A9A81600B7D71F /* HoopShopApp.swift */ = {isa = PBXFileReference; lastKnownFileType = sourcecode.swift; path = HoopShopApp.swift; sourceTree = "<group>"; };
		F3D2D6DA28A9A81600B7D71F /* ContentView.swift */ = {isa = PBXFileReference; lastKnownFileType = sourcecode.swift; path = ContentView.swift; sourceTree = "<group>"; };
		F3D2D6DC28A9A81800B7D71F /* Assets.xcassets */ = {isa = PBXFileReference; lastKnownFileType = folder.assetcatalog; path = Assets.xcassets; sourceTree = "<group>"; };
		F3D2D6DF28A9A81800B7D71F /* Preview Assets.xcassets */ = {isa = PBXFileReference; lastKnownFileType = folder.assetcatalog; path = "Preview Assets.xcassets"; sourceTree = "<group>"; };
		F3F9B5A428AD5554008BBA82 /* CustomShape.swift */ = {isa = PBXFileReference; lastKnownFileType = sourcecode.swift; path = CustomShape.swift; sourceTree = "<group>"; };
		F3F9B5A628AD56B3008BBA82 /* RatingsSizesDetailView.swift */ = {isa = PBXFileReference; lastKnownFileType = sourcecode.swift; path = RatingsSizesDetailView.swift; sourceTree = "<group>"; };
		F3F9B5A828AD5A2B008BBA82 /* QuantityFavouriteDetailView.swift */ = {isa = PBXFileReference; lastKnownFileType = sourcecode.swift; path = QuantityFavouriteDetailView.swift; sourceTree = "<group>"; };
		F3F9B5AA28AD5E42008BBA82 /* AddToCartDetailView.swift */ = {isa = PBXFileReference; lastKnownFileType = sourcecode.swift; path = AddToCartDetailView.swift; sourceTree = "<group>"; };
		F3F9B5AC28AD6008008BBA82 /* Shop.swift */ = {isa = PBXFileReference; lastKnownFileType = sourcecode.swift; path = Shop.swift; sourceTree = "<group>"; };
/* End PBXFileReference section */

/* Begin PBXFrameworksBuildPhase section */
		F3D2D6D228A9A81600B7D71F /* Frameworks */ = {
			isa = PBXFrameworksBuildPhase;
			buildActionMask = 2147483647;
			files = (
				F3B019A628A9B75B002EBFDA /* FirebaseDatabase in Frameworks */,
				F3B019A828A9B75B002EBFDA /* FirebaseFirestore in Frameworks */,
				F3B019A228A9B75B002EBFDA /* FirebaseAnalytics in Frameworks */,
				F3B019AA28A9B75B002EBFDA /* FirebaseStorage in Frameworks */,
				F3B019A428A9B75B002EBFDA /* FirebaseAuth in Frameworks */,
			);
			runOnlyForDeploymentPostprocessing = 0;
		};
/* End PBXFrameworksBuildPhase section */

/* Begin PBXGroup section */
		F3B019AC28A9BC11002EBFDA /* App */ = {
			isa = PBXGroup;
			children = (
				F3D2D6D828A9A81600B7D71F /* HoopShopApp.swift */,
				F3D2D6DA28A9A81600B7D71F /* ContentView.swift */,
				F350686628AC4FA70009F4DD /* ProductDetailView.swift */,
			);
			path = App;
			sourceTree = "<group>";
		};
		F3B019AD28A9BC70002EBFDA /* View */ = {
			isa = PBXGroup;
			children = (
				F3B019B228A9BCCD002EBFDA /* Home */,
				F3B019B328A9BCD2002EBFDA /* Detail */,
			);
			path = View;
			sourceTree = "<group>";
		};
		F3B019AF28A9BC87002EBFDA /* Model */ = {
			isa = PBXGroup;
			children = (
				F3B019CC28A9BFAF002EBFDA /* FeaturedProductModel.swift */,
				F3B019CE28A9BFCB002EBFDA /* CategoryModel.swift */,
				F350685A28AC35830009F4DD /* ProductModel.swift */,
				F350686028AC47220009F4DD /* BrandModel.swift */,
			);
			path = Model;
			sourceTree = "<group>";
		};
		F3B019B028A9BC9C002EBFDA /* Extension */ = {
			isa = PBXGroup;
			children = (
				F3B019D028A9C02E002EBFDA /* CodableBundleExtension.swift */,
			);
			path = Extension;
			sourceTree = "<group>";
		};
		F3B019B128A9BCA8002EBFDA /* Utility */ = {
			isa = PBXGroup;
			children = (
				F3B019B628A9BD48002EBFDA /* Constant.swift */,
				F3A1F7F028AAF167003CA36C /* StorageManager.swift */,
				F3F9B5A428AD5554008BBA82 /* CustomShape.swift */,
				F3F9B5AC28AD6008008BBA82 /* Shop.swift */,
			);
			path = Utility;
			sourceTree = "<group>";
		};
		F3B019B228A9BCCD002EBFDA /* Home */ = {
			isa = PBXGroup;
			children = (
				F3B019BB28A9BDB4002EBFDA /* LogoView.swift */,
				F3B019B928A9BD94002EBFDA /* NavigationBarView.swift */,
				F3B019BF28A9BE18002EBFDA /* FeaturedItemView.swift */,
				F3B019BD28A9BDD6002EBFDA /* FeaturedTabView.swift */,
				F3A1F7F228AAFB76003CA36C /* CategoryItemView.swift */,
				F3A1F7F428AAFE2A003CA36C /* CategoryGridView.swift */,
				F3A1F7F628AB054B003CA36C /* SectionView.swift */,
				F350685828AC2EAA0009F4DD /* TitleView.swift */,
				F350685C28AC36100009F4DD /* ProductItemView.swift */,
				F350686228AC47D00009F4DD /* BrandItemView.swift */,
				F350686428AC489E0009F4DD /* BrandGridView.swift */,
				F3B019B428A9BD27002EBFDA /* FooterView.swift */,
				F3B019D228A9C05A002EBFDA /* CategoryListView.swift */,
			);
			path = Home;
			sourceTree = "<group>";
		};
		F3B019B328A9BCD2002EBFDA /* Detail */ = {
			isa = PBXGroup;
			children = (
				F350686828AC50DB0009F4DD /* NavigationBarDetailView.swift */,
				F350686A28AC520D0009F4DD /* HeaderDetailView.swift */,
				F350686C28AC53170009F4DD /* TopPartDetailView.swift */,
				F3F9B5A628AD56B3008BBA82 /* RatingsSizesDetailView.swift */,
				F3F9B5A828AD5A2B008BBA82 /* QuantityFavouriteDetailView.swift */,
				F3F9B5AA28AD5E42008BBA82 /* AddToCartDetailView.swift */,
			);
			path = Detail;
			sourceTree = "<group>";
		};
		F3B019C328A9BEAC002EBFDA /* Data */ = {
			isa = PBXGroup;
			children = (
				F3B019C628A9BEBF002EBFDA /* brand.json */,
				F3B019C528A9BEBF002EBFDA /* category.json */,
				F3B019C428A9BEBE002EBFDA /* featured.json */,
				F3B019C728A9BEBF002EBFDA /* product.json */,
			);
			path = Data;
			sourceTree = "<group>";
		};
		F3D2D6CC28A9A81500B7D71F = {
			isa = PBXGroup;
			children = (
				F3D2D6D728A9A81600B7D71F /* HoopShop */,
				F3D2D6D628A9A81600B7D71F /* Products */,
			);
			sourceTree = "<group>";
		};
		F3D2D6D628A9A81600B7D71F /* Products */ = {
			isa = PBXGroup;
			children = (
				F3D2D6D528A9A81600B7D71F /* HoopShop.app */,
			);
			name = Products;
			sourceTree = "<group>";
		};
		F3D2D6D728A9A81600B7D71F /* HoopShop */ = {
			isa = PBXGroup;
			children = (
				F3B019AC28A9BC11002EBFDA /* App */,
				F3B019AD28A9BC70002EBFDA /* View */,
				F3B019C328A9BEAC002EBFDA /* Data */,
				F3B019AF28A9BC87002EBFDA /* Model */,
				F3B019B028A9BC9C002EBFDA /* Extension */,
				F3B019B128A9BCA8002EBFDA /* Utility */,
				F3B019AB28A9BB93002EBFDA /* Info.plist */,
				F3B0199E28A9B6B2002EBFDA /* GoogleService-Info.plist */,
				F3D2D6DC28A9A81800B7D71F /* Assets.xcassets */,
				F3D2D6DE28A9A81800B7D71F /* Preview Content */,
			);
			path = HoopShop;
			sourceTree = "<group>";
		};
		F3D2D6DE28A9A81800B7D71F /* Preview Content */ = {
			isa = PBXGroup;
			children = (
				F3D2D6DF28A9A81800B7D71F /* Preview Assets.xcassets */,
			);
			path = "Preview Content";
			sourceTree = "<group>";
		};
/* End PBXGroup section */

/* Begin PBXNativeTarget section */
		F3D2D6D428A9A81600B7D71F /* HoopShop */ = {
			isa = PBXNativeTarget;
			buildConfigurationList = F3D2D6E328A9A81800B7D71F /* Build configuration list for PBXNativeTarget "HoopShop" */;
			buildPhases = (
				F3D2D6D128A9A81600B7D71F /* Sources */,
				F3D2D6D228A9A81600B7D71F /* Frameworks */,
				F3D2D6D328A9A81600B7D71F /* Resources */,
			);
			buildRules = (
			);
			dependencies = (
			);
			name = HoopShop;
			packageProductDependencies = (
				F3B019A128A9B75B002EBFDA /* FirebaseAnalytics */,
				F3B019A328A9B75B002EBFDA /* FirebaseAuth */,
				F3B019A528A9B75B002EBFDA /* FirebaseDatabase */,
				F3B019A728A9B75B002EBFDA /* FirebaseFirestore */,
				F3B019A928A9B75B002EBFDA /* FirebaseStorage */,
			);
			productName = HoopShop;
			productReference = F3D2D6D528A9A81600B7D71F /* HoopShop.app */;
			productType = "com.apple.product-type.application";
		};
/* End PBXNativeTarget section */

/* Begin PBXProject section */
		F3D2D6CD28A9A81500B7D71F /* Project object */ = {
			isa = PBXProject;
			attributes = {
				BuildIndependentTargetsInParallel = 1;
				LastSwiftUpdateCheck = 1340;
				LastUpgradeCheck = 1340;
				TargetAttributes = {
					F3D2D6D428A9A81600B7D71F = {
						CreatedOnToolsVersion = 13.4.1;
					};
				};
			};
			buildConfigurationList = F3D2D6D028A9A81500B7D71F /* Build configuration list for PBXProject "HoopShop" */;
			compatibilityVersion = "Xcode 13.0";
			developmentRegion = en;
			hasScannedForEncodings = 0;
			knownRegions = (
				en,
				Base,
			);
			mainGroup = F3D2D6CC28A9A81500B7D71F;
			packageReferences = (
				F3B019A028A9B75B002EBFDA /* XCRemoteSwiftPackageReference "firebase-ios-sdk" */,
			);
			productRefGroup = F3D2D6D628A9A81600B7D71F /* Products */;
			projectDirPath = "";
			projectRoot = "";
			targets = (
				F3D2D6D428A9A81600B7D71F /* HoopShop */,
			);
		};
/* End PBXProject section */

/* Begin PBXResourcesBuildPhase section */
		F3D2D6D328A9A81600B7D71F /* Resources */ = {
			isa = PBXResourcesBuildPhase;
			buildActionMask = 2147483647;
			files = (
				F3B019C828A9BEBF002EBFDA /* featured.json in Resources */,
				F3D2D6E028A9A81800B7D71F /* Preview Assets.xcassets in Resources */,
				F3B019C928A9BEBF002EBFDA /* category.json in Resources */,
				F3D2D6DD28A9A81800B7D71F /* Assets.xcassets in Resources */,
				F3B0199F28A9B6B2002EBFDA /* GoogleService-Info.plist in Resources */,
				F3B019CB28A9BEBF002EBFDA /* product.json in Resources */,
				F3B019CA28A9BEBF002EBFDA /* brand.json in Resources */,
			);
			runOnlyForDeploymentPostprocessing = 0;
		};
/* End PBXResourcesBuildPhase section */

/* Begin PBXSourcesBuildPhase section */
		F3D2D6D128A9A81600B7D71F /* Sources */ = {
			isa = PBXSourcesBuildPhase;
			buildActionMask = 2147483647;
			files = (
				F3B019CD28A9BFAF002EBFDA /* FeaturedProductModel.swift in Sources */,
				F3B019D128A9C02E002EBFDA /* CodableBundleExtension.swift in Sources */,
				F3F9B5A528AD5554008BBA82 /* CustomShape.swift in Sources */,
				F3B019B528A9BD27002EBFDA /* FooterView.swift in Sources */,
				F350686928AC50DB0009F4DD /* NavigationBarDetailView.swift in Sources */,
				F3A1F7F528AAFE2A003CA36C /* CategoryGridView.swift in Sources */,
				F3A1F7F328AAFB76003CA36C /* CategoryItemView.swift in Sources */,
				F3B019BC28A9BDB4002EBFDA /* LogoView.swift in Sources */,
				F3F9B5AB28AD5E42008BBA82 /* AddToCartDetailView.swift in Sources */,
				F350686328AC47D00009F4DD /* BrandItemView.swift in Sources */,
				F3F9B5A928AD5A2B008BBA82 /* QuantityFavouriteDetailView.swift in Sources */,
				F350685D28AC36100009F4DD /* ProductItemView.swift in Sources */,
				F350686128AC47220009F4DD /* BrandModel.swift in Sources */,
				F350686B28AC520D0009F4DD /* HeaderDetailView.swift in Sources */,
				F3B019CF28A9BFCB002EBFDA /* CategoryModel.swift in Sources */,
				F3D2D6DB28A9A81600B7D71F /* ContentView.swift in Sources */,
				F3B019D328A9C05A002EBFDA /* CategoryListView.swift in Sources */,
				F350686D28AC53170009F4DD /* TopPartDetailView.swift in Sources */,
				F350686528AC489E0009F4DD /* BrandGridView.swift in Sources */,
				F3B019C028A9BE18002EBFDA /* FeaturedItemView.swift in Sources */,
				F3D2D6D928A9A81600B7D71F /* HoopShopApp.swift in Sources */,
				F3B019B728A9BD48002EBFDA /* Constant.swift in Sources */,
				F350686728AC4FA70009F4DD /* ProductDetailView.swift in Sources */,
				F350685928AC2EAB0009F4DD /* TitleView.swift in Sources */,
				F350685B28AC35830009F4DD /* ProductModel.swift in Sources */,
				F3A1F7F728AB054B003CA36C /* SectionView.swift in Sources */,
				F3B019BA28A9BD94002EBFDA /* NavigationBarView.swift in Sources */,
				F3B019BE28A9BDD6002EBFDA /* FeaturedTabView.swift in Sources */,
				F3F9B5AD28AD6008008BBA82 /* Shop.swift in Sources */,
				F3A1F7F128AAF168003CA36C /* StorageManager.swift in Sources */,
				F3F9B5A728AD56B3008BBA82 /* RatingsSizesDetailView.swift in Sources */,
			);
			runOnlyForDeploymentPostprocessing = 0;
		};
/* End PBXSourcesBuildPhase section */

/* Begin XCBuildConfiguration section */
		F3D2D6E128A9A81800B7D71F /* Debug */ = {
			isa = XCBuildConfiguration;
			buildSettings = {
				ALWAYS_SEARCH_USER_PATHS = NO;
				CLANG_ANALYZER_NONNULL = YES;
				CLANG_ANALYZER_NUMBER_OBJECT_CONVERSION = YES_AGGRESSIVE;
				CLANG_CXX_LANGUAGE_STANDARD = "gnu++17";
				CLANG_ENABLE_MODULES = YES;
				CLANG_ENABLE_OBJC_ARC = YES;
				CLANG_ENABLE_OBJC_WEAK = YES;
				CLANG_WARN_BLOCK_CAPTURE_AUTORELEASING = YES;
				CLANG_WARN_BOOL_CONVERSION = YES;
				CLANG_WARN_COMMA = YES;
				CLANG_WARN_CONSTANT_CONVERSION = YES;
				CLANG_WARN_DEPRECATED_OBJC_IMPLEMENTATIONS = YES;
				CLANG_WARN_DIRECT_OBJC_ISA_USAGE = YES_ERROR;
				CLANG_WARN_DOCUMENTATION_COMMENTS = YES;
				CLANG_WARN_EMPTY_BODY = YES;
				CLANG_WARN_ENUM_CONVERSION = YES;
				CLANG_WARN_INFINITE_RECURSION = YES;
				CLANG_WARN_INT_CONVERSION = YES;
				CLANG_WARN_NON_LITERAL_NULL_CONVERSION = YES;
				CLANG_WARN_OBJC_IMPLICIT_RETAIN_SELF = YES;
				CLANG_WARN_OBJC_LITERAL_CONVERSION = YES;
				CLANG_WARN_OBJC_ROOT_CLASS = YES_ERROR;
				CLANG_WARN_QUOTED_INCLUDE_IN_FRAMEWORK_HEADER = YES;
				CLANG_WARN_RANGE_LOOP_ANALYSIS = YES;
				CLANG_WARN_STRICT_PROTOTYPES = YES;
				CLANG_WARN_SUSPICIOUS_MOVE = YES;
				CLANG_WARN_UNGUARDED_AVAILABILITY = YES_AGGRESSIVE;
				CLANG_WARN_UNREACHABLE_CODE = YES;
				CLANG_WARN__DUPLICATE_METHOD_MATCH = YES;
				COPY_PHASE_STRIP = NO;
				DEBUG_INFORMATION_FORMAT = dwarf;
				ENABLE_STRICT_OBJC_MSGSEND = YES;
				ENABLE_TESTABILITY = YES;
				GCC_C_LANGUAGE_STANDARD = gnu11;
				GCC_DYNAMIC_NO_PIC = NO;
				GCC_NO_COMMON_BLOCKS = YES;
				GCC_OPTIMIZATION_LEVEL = 0;
				GCC_PREPROCESSOR_DEFINITIONS = (
					"DEBUG=1",
					"$(inherited)",
				);
				GCC_WARN_64_TO_32_BIT_CONVERSION = YES;
				GCC_WARN_ABOUT_RETURN_TYPE = YES_ERROR;
				GCC_WARN_UNDECLARED_SELECTOR = YES;
				GCC_WARN_UNINITIALIZED_AUTOS = YES_AGGRESSIVE;
				GCC_WARN_UNUSED_FUNCTION = YES;
				GCC_WARN_UNUSED_VARIABLE = YES;
				IPHONEOS_DEPLOYMENT_TARGET = 15.5;
				MTL_ENABLE_DEBUG_INFO = INCLUDE_SOURCE;
				MTL_FAST_MATH = YES;
				ONLY_ACTIVE_ARCH = YES;
				SDKROOT = iphoneos;
				SWIFT_ACTIVE_COMPILATION_CONDITIONS = DEBUG;
				SWIFT_OPTIMIZATION_LEVEL = "-Onone";
			};
			name = Debug;
		};
		F3D2D6E228A9A81800B7D71F /* Release */ = {
			isa = XCBuildConfiguration;
			buildSettings = {
				ALWAYS_SEARCH_USER_PATHS = NO;
				CLANG_ANALYZER_NONNULL = YES;
				CLANG_ANALYZER_NUMBER_OBJECT_CONVERSION = YES_AGGRESSIVE;
				CLANG_CXX_LANGUAGE_STANDARD = "gnu++17";
				CLANG_ENABLE_MODULES = YES;
				CLANG_ENABLE_OBJC_ARC = YES;
				CLANG_ENABLE_OBJC_WEAK = YES;
				CLANG_WARN_BLOCK_CAPTURE_AUTORELEASING = YES;
				CLANG_WARN_BOOL_CONVERSION = YES;
				CLANG_WARN_COMMA = YES;
				CLANG_WARN_CONSTANT_CONVERSION = YES;
				CLANG_WARN_DEPRECATED_OBJC_IMPLEMENTATIONS = YES;
				CLANG_WARN_DIRECT_OBJC_ISA_USAGE = YES_ERROR;
				CLANG_WARN_DOCUMENTATION_COMMENTS = YES;
				CLANG_WARN_EMPTY_BODY = YES;
				CLANG_WARN_ENUM_CONVERSION = YES;
				CLANG_WARN_INFINITE_RECURSION = YES;
				CLANG_WARN_INT_CONVERSION = YES;
				CLANG_WARN_NON_LITERAL_NULL_CONVERSION = YES;
				CLANG_WARN_OBJC_IMPLICIT_RETAIN_SELF = YES;
				CLANG_WARN_OBJC_LITERAL_CONVERSION = YES;
				CLANG_WARN_OBJC_ROOT_CLASS = YES_ERROR;
				CLANG_WARN_QUOTED_INCLUDE_IN_FRAMEWORK_HEADER = YES;
				CLANG_WARN_RANGE_LOOP_ANALYSIS = YES;
				CLANG_WARN_STRICT_PROTOTYPES = YES;
				CLANG_WARN_SUSPICIOUS_MOVE = YES;
				CLANG_WARN_UNGUARDED_AVAILABILITY = YES_AGGRESSIVE;
				CLANG_WARN_UNREACHABLE_CODE = YES;
				CLANG_WARN__DUPLICATE_METHOD_MATCH = YES;
				COPY_PHASE_STRIP = NO;
				DEBUG_INFORMATION_FORMAT = "dwarf-with-dsym";
				ENABLE_NS_ASSERTIONS = NO;
				ENABLE_STRICT_OBJC_MSGSEND = YES;
				GCC_C_LANGUAGE_STANDARD = gnu11;
				GCC_NO_COMMON_BLOCKS = YES;
				GCC_WARN_64_TO_32_BIT_CONVERSION = YES;
				GCC_WARN_ABOUT_RETURN_TYPE = YES_ERROR;
				GCC_WARN_UNDECLARED_SELECTOR = YES;
				GCC_WARN_UNINITIALIZED_AUTOS = YES_AGGRESSIVE;
				GCC_WARN_UNUSED_FUNCTION = YES;
				GCC_WARN_UNUSED_VARIABLE = YES;
				IPHONEOS_DEPLOYMENT_TARGET = 15.5;
				MTL_ENABLE_DEBUG_INFO = NO;
				MTL_FAST_MATH = YES;
				SDKROOT = iphoneos;
				SWIFT_COMPILATION_MODE = wholemodule;
				SWIFT_OPTIMIZATION_LEVEL = "-O";
				VALIDATE_PRODUCT = YES;
			};
			name = Release;
		};
		F3D2D6E428A9A81800B7D71F /* Debug */ = {
			isa = XCBuildConfiguration;
			buildSettings = {
				ASSETCATALOG_COMPILER_APPICON_NAME = AppIcon;
				ASSETCATALOG_COMPILER_GLOBAL_ACCENT_COLOR_NAME = AccentColor;
				CODE_SIGN_STYLE = Automatic;
				CURRENT_PROJECT_VERSION = 1;
				DEVELOPMENT_ASSET_PATHS = "\"HoopShop/Preview Content\"";
				DEVELOPMENT_TEAM = G64HSUAAY3;
				ENABLE_PREVIEWS = YES;
				GENERATE_INFOPLIST_FILE = YES;
				INFOPLIST_FILE = HoopShop/Info.plist;
				INFOPLIST_KEY_UIApplicationSceneManifest_Generation = YES;
				INFOPLIST_KEY_UIApplicationSupportsIndirectInputEvents = YES;
				INFOPLIST_KEY_UISupportedInterfaceOrientations_iPad = "UIInterfaceOrientationPortrait UIInterfaceOrientationPortraitUpsideDown UIInterfaceOrientationLandscapeLeft UIInterfaceOrientationLandscapeRight";
				INFOPLIST_KEY_UISupportedInterfaceOrientations_iPhone = "UIInterfaceOrientationPortrait UIInterfaceOrientationLandscapeLeft UIInterfaceOrientationLandscapeRight";
				LD_RUNPATH_SEARCH_PATHS = (
					"$(inherited)",
					"@executable_path/Frameworks",
				);
				MARKETING_VERSION = 1.0;
				PRODUCT_BUNDLE_IDENTIFIER = com.nimchynskyi.HoopShop;
				PRODUCT_NAME = "$(TARGET_NAME)";
				SWIFT_EMIT_LOC_STRINGS = YES;
				SWIFT_VERSION = 5.0;
				TARGETED_DEVICE_FAMILY = "1,2";
			};
			name = Debug;
		};
		F3D2D6E528A9A81800B7D71F /* Release */ = {
			isa = XCBuildConfiguration;
			buildSettings = {
				ASSETCATALOG_COMPILER_APPICON_NAME = AppIcon;
				ASSETCATALOG_COMPILER_GLOBAL_ACCENT_COLOR_NAME = AccentColor;
				CODE_SIGN_STYLE = Automatic;
				CURRENT_PROJECT_VERSION = 1;
				DEVELOPMENT_ASSET_PATHS = "\"HoopShop/Preview Content\"";
				DEVELOPMENT_TEAM = G64HSUAAY3;
				ENABLE_PREVIEWS = YES;
				GENERATE_INFOPLIST_FILE = YES;
				INFOPLIST_FILE = HoopShop/Info.plist;
				INFOPLIST_KEY_UIApplicationSceneManifest_Generation = YES;
				INFOPLIST_KEY_UIApplicationSupportsIndirectInputEvents = YES;
				INFOPLIST_KEY_UISupportedInterfaceOrientations_iPad = "UIInterfaceOrientationPortrait UIInterfaceOrientationPortraitUpsideDown UIInterfaceOrientationLandscapeLeft UIInterfaceOrientationLandscapeRight";
				INFOPLIST_KEY_UISupportedInterfaceOrientations_iPhone = "UIInterfaceOrientationPortrait UIInterfaceOrientationLandscapeLeft UIInterfaceOrientationLandscapeRight";
				LD_RUNPATH_SEARCH_PATHS = (
					"$(inherited)",
					"@executable_path/Frameworks",
				);
				MARKETING_VERSION = 1.0;
				PRODUCT_BUNDLE_IDENTIFIER = com.nimchynskyi.HoopShop;
				PRODUCT_NAME = "$(TARGET_NAME)";
				SWIFT_EMIT_LOC_STRINGS = YES;
				SWIFT_VERSION = 5.0;
				TARGETED_DEVICE_FAMILY = "1,2";
			};
			name = Release;
		};
/* End XCBuildConfiguration section */

/* Begin XCConfigurationList section */
		F3D2D6D028A9A81500B7D71F /* Build configuration list for PBXProject "HoopShop" */ = {
			isa = XCConfigurationList;
			buildConfigurations = (
				F3D2D6E128A9A81800B7D71F /* Debug */,
				F3D2D6E228A9A81800B7D71F /* Release */,
			);
			defaultConfigurationIsVisible = 0;
			defaultConfigurationName = Release;
		};
		F3D2D6E328A9A81800B7D71F /* Build configuration list for PBXNativeTarget "HoopShop" */ = {
			isa = XCConfigurationList;
			buildConfigurations = (
				F3D2D6E428A9A81800B7D71F /* Debug */,
				F3D2D6E528A9A81800B7D71F /* Release */,
			);
			defaultConfigurationIsVisible = 0;
			defaultConfigurationName = Release;
		};
/* End XCConfigurationList section */

/* Begin XCRemoteSwiftPackageReference section */
		F3B019A028A9B75B002EBFDA /* XCRemoteSwiftPackageReference "firebase-ios-sdk" */ = {
			isa = XCRemoteSwiftPackageReference;
			repositoryURL = "https://github.com/firebase/firebase-ios-sdk";
			requirement = {
				branch = master;
				kind = branch;
			};
		};
/* End XCRemoteSwiftPackageReference section */

/* Begin XCSwiftPackageProductDependency section */
		F3B019A128A9B75B002EBFDA /* FirebaseAnalytics */ = {
			isa = XCSwiftPackageProductDependency;
			package = F3B019A028A9B75B002EBFDA /* XCRemoteSwiftPackageReference "firebase-ios-sdk" */;
			productName = FirebaseAnalytics;
		};
		F3B019A328A9B75B002EBFDA /* FirebaseAuth */ = {
			isa = XCSwiftPackageProductDependency;
			package = F3B019A028A9B75B002EBFDA /* XCRemoteSwiftPackageReference "firebase-ios-sdk" */;
			productName = FirebaseAuth;
		};
		F3B019A528A9B75B002EBFDA /* FirebaseDatabase */ = {
			isa = XCSwiftPackageProductDependency;
			package = F3B019A028A9B75B002EBFDA /* XCRemoteSwiftPackageReference "firebase-ios-sdk" */;
			productName = FirebaseDatabase;
		};
		F3B019A728A9B75B002EBFDA /* FirebaseFirestore */ = {
			isa = XCSwiftPackageProductDependency;
			package = F3B019A028A9B75B002EBFDA /* XCRemoteSwiftPackageReference "firebase-ios-sdk" */;
			productName = FirebaseFirestore;
		};
		F3B019A928A9B75B002EBFDA /* FirebaseStorage */ = {
			isa = XCSwiftPackageProductDependency;
			package = F3B019A028A9B75B002EBFDA /* XCRemoteSwiftPackageReference "firebase-ios-sdk" */;
			productName = FirebaseStorage;
		};
/* End XCSwiftPackageProductDependency section */
	};
	rootObject = F3D2D6CD28A9A81500B7D71F /* Project object */;
}
